
Microsoft Visual Studio Solution File, Format Version 12.00
# Visual Studio Version 17
VisualStudioVersion = 17.0.31903.59
MinimumVisualStudioVersion = 10.0.40219.1
Project("{2150E333-8FDC-42A3-9474-1A3956D46DE8}") = "src", "src", "{CB272479-F72C-498C-9E66-E9755397D809}"
EndProject
Project("{FAE04EC0-301F-11D3-BF4B-00C04F79EFBC}") = "LambdaRag.Api", "src\LambdaRag.Api\LambdaRag.Api.csproj", "{EF72D1E9-8826-4DA6-AAE8-4617A6C87DC0}"
EndProject
Project("{FAE04EC0-301F-11D3-BF4B-00C04F79EFBC}") = "LambdaRag.Authoring", "src\LambdaRag.Authoring\LambdaRag.Authoring.csproj", "{D3B76038-90C8-4BA6-A17D-66EC8574DEAD}"
EndProject
Project("{FAE04EC0-301F-11D3-BF4B-00C04F79EFBC}") = "LambdaRag.Cli", "src\LambdaRag.Cli\LambdaRag.Cli.csproj", "{AEFF3AB3-0D80-4DAF-ADB1-9086907252E9}"
EndProject
Project("{FAE04EC0-301F-11D3-BF4B-00C04F79EFBC}") = "LambdaRag.Core", "src\LambdaRag.Core\LambdaRag.Core.csproj", "{1E1F6E96-D9A6-4100-BDFF-7960C320E823}"
EndProject
Project("{FAE04EC0-301F-11D3-BF4B-00C04F79EFBC}") = "LambdaRag.Evaluation", "src\LambdaRag.Evaluation\LambdaRag.Evaluation.csproj", "{95348915-9C22-4749-8AAD-549DB116CA5E}"
EndProject
Project("{FAE04EC0-301F-11D3-BF4B-00C04F79EFBC}") = "LambdaRag.Markup", "src\LambdaRag.Markup\LambdaRag.Markup.csproj", "{92BB3109-773F-4AAE-817E-EF6D2448D1A4}"
EndProject
Project("{FAE04EC0-301F-11D3-BF4B-00C04F79EFBC}") = "LambdaRag.Parsing", "src\LambdaRag.Parsing\LambdaRag.Parsing.csproj", "{5779F4E7-17A1-44CB-AA9A-3CEEE14DE9B9}"
EndProject
Project("{FAE04EC0-301F-11D3-BF4B-00C04F79EFBC}") = "LambdaRag.Persistence", "src\LambdaRag.Persistence\LambdaRag.Persistence.csproj", "{A62C71CA-2965-4DA1-93DB-285F7229FC63}"
EndProject
Project("{FAE04EC0-301F-11D3-BF4B-00C04F79EFBC}") = "LambdaRag.Projection", "src\LambdaRag.Projection\LambdaRag.Projection.csproj", "{01AE0B05-5BA4-4CAD-A64C-929C84D859F2}"
EndProject
Project("{FAE04EC0-301F-11D3-BF4B-00C04F79EFBC}") = "LambdaRag.Selectors", "src\LambdaRag.Selectors\LambdaRag.Selectors.csproj", "{5CA6C1B2-F9D9-44FC-85EC-7CEAD675BFCE}"
EndProject
Project("{2150E333-8FDC-42A3-9474-1A3956D46DE8}") = "tests", "tests", "{B46BACFD-D3FC-44A2-910A-69BF1456FC26}"
EndProject
Project("{FAE04EC0-301F-11D3-BF4B-00C04F79EFBC}") = "LambdaRag.IdempotencyTests", "tests\LambdaRag.IdempotencyTests\LambdaRag.IdempotencyTests.csproj", "{0BBFEB99-5DDF-435D-AB70-C815C5C3356F}"
EndProject
Project("{FAE04EC0-301F-11D3-BF4B-00C04F79EFBC}") = "LambdaRag.UnitTests", "tests\LambdaRag.UnitTests\LambdaRag.UnitTests.csproj", "{0D4AC410-461B-4ABB-8111-F24A0E176345}"
EndProject
Global
	GlobalSection(SolutionConfigurationPlatforms) = preSolution
		Debug|Any CPU = Debug|Any CPU
		Release|Any CPU = Release|Any CPU
	EndGlobalSection
	GlobalSection(SolutionProperties) = preSolution
		HideSolutionNode = FALSE
	EndGlobalSection
	GlobalSection(ProjectConfigurationPlatforms) = postSolution
		{EF72D1E9-8826-4DA6-AAE8-4617A6C87DC0}.Debug|Any CPU.ActiveCfg = Debug|Any CPU
		{EF72D1E9-8826-4DA6-AAE8-4617A6C87DC0}.Debug|Any CPU.Build.0 = Debug|Any CPU
		{EF72D1E9-8826-4DA6-AAE8-4617A6C87DC0}.Release|Any CPU.ActiveCfg = Release|Any CPU
		{EF72D1E9-8826-4DA6-AAE8-4617A6C87DC0}.Release|Any CPU.Build.0 = Release|Any CPU
		{D3B76038-90C8-4BA6-A17D-66EC8574DEAD}.Debug|Any CPU.ActiveCfg = Debug|Any CPU
		{D3B76038-90C8-4BA6-A17D-66EC8574DEAD}.Debug|Any CPU.Build.0 = Debug|Any CPU
		{D3B76038-90C8-4BA6-A17D-66EC8574DEAD}.Release|Any CPU.ActiveCfg = Release|Any CPU
		{D3B76038-90C8-4BA6-A17D-66EC8574DEAD}.Release|Any CPU.Build.0 = Release|Any CPU
		{AEFF3AB3-0D80-4DAF-ADB1-9086907252E9}.Debug|Any CPU.ActiveCfg = Debug|Any CPU
		{AEFF3AB3-0D80-4DAF-ADB1-9086907252E9}.Debug|Any CPU.Build.0 = Debug|Any CPU
		{AEFF3AB3-0D80-4DAF-ADB1-9086907252E9}.Release|Any CPU.ActiveCfg = Release|Any CPU
		{AEFF3AB3-0D80-4DAF-ADB1-9086907252E9}.Release|Any CPU.Build.0 = Release|Any CPU
		{1E1F6E96-D9A6-4100-BDFF-7960C320E823}.Debug|Any CPU.ActiveCfg = Debug|Any CPU
		{1E1F6E96-D9A6-4100-BDFF-7960C320E823}.Debug|Any CPU.Build.0 = Debug|Any CPU
		{1E1F6E96-D9A6-4100-BDFF-7960C320E823}.Release|Any CPU.ActiveCfg = Release|Any CPU
		{1E1F6E96-D9A6-4100-BDFF-7960C320E823}.Release|Any CPU.Build.0 = Release|Any CPU
		{95348915-9C22-4749-8AAD-549DB116CA5E}.Debug|Any CPU.ActiveCfg = Debug|Any CPU
		{95348915-9C22-4749-8AAD-549DB116CA5E}.Debug|Any CPU.Build.0 = Debug|Any CPU
		{95348915-9C22-4749-8AAD-549DB116CA5E}.Release|Any CPU.ActiveCfg = Release|Any CPU
		{95348915-9C22-4749-8AAD-549DB116CA5E}.Release|Any CPU.Build.0 = Release|Any CPU
		{92BB3109-773F-4AAE-817E-EF6D2448D1A4}.Debug|Any CPU.ActiveCfg = Debug|Any CPU
		{92BB3109-773F-4AAE-817E-EF6D2448D1A4}.Debug|Any CPU.Build.0 = Debug|Any CPU
		{92BB3109-773F-4AAE-817E-EF6D2448D1A4}.Release|Any CPU.ActiveCfg = Release|Any CPU
		{92BB3109-773F-4AAE-817E-EF6D2448D1A4}.Release|Any CPU.Build.0 = Release|Any CPU
		{5779F4E7-17A1-44CB-AA9A-3CEEE14DE9B9}.Debug|Any CPU.ActiveCfg = Debug|Any CPU
		{5779F4E7-17A1-44CB-AA9A-3CEEE14DE9B9}.Debug|Any CPU.Build.0 = Debug|Any CPU
		{5779F4E7-17A1-44CB-AA9A-3CEEE14DE9B9}.Release|Any CPU.ActiveCfg = Release|Any CPU
		{5779F4E7-17A1-44CB-AA9A-3CEEE14DE9B9}.Release|Any CPU.Build.0 = Release|Any CPU
		{A62C71CA-2965-4DA1-93DB-285F7229FC63}.Debug|Any CPU.ActiveCfg = Debug|Any CPU
		{A62C71CA-2965-4DA1-93DB-285F7229FC63}.Debug|Any CPU.Build.0 = Debug|Any CPU
		{A62C71CA-2965-4DA1-93DB-285F7229FC63}.Release|Any CPU.ActiveCfg = Release|Any CPU
		{A62C71CA-2965-4DA1-93DB-285F7229FC63}.Release|Any CPU.Build.0 = Release|Any CPU
		{01AE0B05-5BA4-4CAD-A64C-929C84D859F2}.Debug|Any CPU.ActiveCfg = Debug|Any CPU
		{01AE0B05-5BA4-4CAD-A64C-929C84D859F2}.Debug|Any CPU.Build.0 = Debug|Any CPU
		{01AE0B05-5BA4-4CAD-A64C-929C84D859F2}.Release|Any CPU.ActiveCfg = Release|Any CPU
		{01AE0B05-5BA4-4CAD-A64C-929C84D859F2}.Release|Any CPU.Build.0 = Release|Any CPU
		{5CA6C1B2-F9D9-44FC-85EC-7CEAD675BFCE}.Debug|Any CPU.ActiveCfg = Debug|Any CPU
		{5CA6C1B2-F9D9-44FC-85EC-7CEAD675BFCE}.Debug|Any CPU.Build.0 = Debug|Any CPU
		{5CA6C1B2-F9D9-44FC-85EC-7CEAD675BFCE}.Release|Any CPU.ActiveCfg = Release|Any CPU
		{5CA6C1B2-F9D9-44FC-85EC-7CEAD675BFCE}.Release|Any CPU.Build.0 = Release|Any CPU
		{0BBFEB99-5DDF-435D-AB70-C815C5C3356F}.Debug|Any CPU.ActiveCfg = Debug|Any CPU
		{0BBFEB99-5DDF-435D-AB70-C815C5C3356F}.Debug|Any CPU.Build.0 = Debug|Any CPU
		{0BBFEB99-5DDF-435D-AB70-C815C5C3356F}.Release|Any CPU.ActiveCfg = Release|Any CPU
		{0BBFEB99-5DDF-435D-AB70-C815C5C3356F}.Release|Any CPU.Build.0 = Release|Any CPU
		{0D4AC410-461B-4ABB-8111-F24A0E176345}.Debug|Any CPU.ActiveCfg = Debug|Any CPU
		{0D4AC410-461B-4ABB-8111-F24A0E176345}.Debug|Any CPU.Build.0 = Debug|Any CPU
		{0D4AC410-461B-4ABB-8111-F24A0E176345}.Release|Any CPU.ActiveCfg = Release|Any CPU
		{0D4AC410-461B-4ABB-8111-F24A0E176345}.Release|Any CPU.Build.0 = Release|Any CPU
	EndGlobalSection
	GlobalSection(NestedProjects) = preSolution
		{EF72D1E9-8826-4DA6-AAE8-4617A6C87DC0} = {CB272479-F72C-498C-9E66-E9755397D809}
		{D3B76038-90C8-4BA6-A17D-66EC8574DEAD} = {CB272479-F72C-498C-9E66-E9755397D809}
		{AEFF3AB3-0D80-4DAF-ADB1-9086907252E9} = {CB272479-F72C-498C-9E66-E9755397D809}
		{1E1F6E96-D9A6-4100-BDFF-7960C320E823} = {CB272479-F72C-498C-9E66-E9755397D809}
		{95348915-9C22-4749-8AAD-549DB116CA5E} = {CB272479-F72C-498C-9E66-E9755397D809}
		{92BB3109-773F-4AAE-817E-EF6D2448D1A4} = {CB272479-F72C-498C-9E66-E9755397D809}
		{5779F4E7-17A1-44CB-AA9A-3CEEE14DE9B9} = {CB272479-F72C-498C-9E66-E9755397D809}
		{A62C71CA-2965-4DA1-93DB-285F7229FC63} = {CB272479-F72C-498C-9E66-E9755397D809}
		{01AE0B05-5BA4-4CAD-A64C-929C84D859F2} = {CB272479-F72C-498C-9E66-E9755397D809}
		{5CA6C1B2-F9D9-44FC-85EC-7CEAD675BFCE} = {CB272479-F72C-498C-9E66-E9755397D809}
		{0BBFEB99-5DDF-435D-AB70-C815C5C3356F} = {B46BACFD-D3FC-44A2-910A-69BF1456FC26}
		{0D4AC410-461B-4ABB-8111-F24A0E176345} = {B46BACFD-D3FC-44A2-910A-69BF1456FC26}
	EndGlobalSection
EndGlobal
